
Microsoft Visual Studio Solution File, Format Version 12.00
# Visual Studio Version 16
VisualStudioVersion = 16.0.32929.386
MinimumVisualStudioVersion = 10.0.40219.1
Project("{FAE04EC0-301F-11D3-BF4B-00C04F79EFBC}") = "EscolarMysql", "EscolarMysql\EscolarMysql.csproj", "{A7A300C0-C807-42F6-BB5A-46C7C892E3F3}"
EndProject
Global
	GlobalSection(SolutionConfigurationPlatforms) = preSolution
		Debug|Any CPU = Debug|Any CPU
		Release|Any CPU = Release|Any CPU
	EndGlobalSection
	GlobalSection(ProjectConfigurationPlatforms) = postSolution
		{A7A300C0-C807-42F6-BB5A-46C7C892E3F3}.Debug|Any CPU.ActiveCfg = Debug|Any CPU
		{A7A300C0-C807-42F6-BB5A-46C7C892E3F3}.Debug|Any CPU.Build.0 = Debug|Any CPU
		{A7A300C0-C807-42F6-BB5A-46C7C892E3F3}.Release|Any CPU.ActiveCfg = Release|Any CPU
		{A7A300C0-C807-42F6-BB5A-46C7C892E3F3}.Release|Any CPU.Build.0 = Release|Any CPU
	EndGlobalSection
	GlobalSection(SolutionProperties) = preSolution
		HideSolutionNode = FALSE
	EndGlobalSection
	GlobalSection(ExtensibilityGlobals) = postSolution
		SolutionGuid = {C0F681A8-BCD9-49EF-95FE-521DC39ED9EC}
	EndGlobalSection
EndGlobal
